# This file is generated by running "yarn install" inside your project.
# Manual changes might be lost - proceed with caution!

__metadata:
  version: 8
  cacheKey: 10c0

"@johnrdorazio/jquery-clock-plugin@workspace:.":
  version: 0.0.0-use.local
  resolution: "@johnrdorazio/jquery-clock-plugin@workspace:."
  dependencies:
    jquery: "npm:~3"
  languageName: unknown
  linkType: soft

"jquery@npm:~3":
  version: 3.7.1
  resolution: "jquery@npm:3.7.1"
  checksum: 10c0/808cfbfb758438560224bf26e17fcd5afc7419170230c810dd11f5c1792e2263e2970cca8d659eb84fcd9acc301edb6d310096e450277d54be4f57071b0c82d9
  languageName: node
  linkType: hard
